// !$*UTF8*$!
{
	archiveVersion = 1;
	classes = {
	};
	objectVersion = 50;
	objects = {

/* Begin PBXBuildFile section */
		5A00896E238D491200F26C66 /* CustomInputTextView.swift in Sources */ = {isa = PBXBuildFile; fileRef = 5A00896D238D491200F26C66 /* CustomInputTextView.swift */; };
		5A18068D23AC013800ED314E /* ChatMessages.xcdatamodeld in Sources */ = {isa = PBXBuildFile; fileRef = 5A18068B23AC013800ED314E /* ChatMessages.xcdatamodeld */; };
		5A1C364C23531CB700DE587A /* APIClient.swift in Sources */ = {isa = PBXBuildFile; fileRef = 5A1C364B23531CB700DE587A /* APIClient.swift */; };
		5A1C364E23531D2000DE587A /* Base.swift in Sources */ = {isa = PBXBuildFile; fileRef = 5A1C364D23531D2000DE587A /* Base.swift */; };
		5A1C365023531EB700DE587A /* RequestsFactory.swift in Sources */ = {isa = PBXBuildFile; fileRef = 5A1C364F23531EB700DE587A /* RequestsFactory.swift */; };
		5A1C3655235320B600DE587A /* ChatService.swift in Sources */ = {isa = PBXBuildFile; fileRef = 5A1C3654235320B600DE587A /* ChatService.swift */; };
		5A1C365723532A7D00DE587A /* PagingRequest.swift in Sources */ = {isa = PBXBuildFile; fileRef = 5A1C365623532A7D00DE587A /* PagingRequest.swift */; };
		5A1C365923532C1300DE587A /* APIRequestErrorInformation.swift in Sources */ = {isa = PBXBuildFile; fileRef = 5A1C365823532C1300DE587A /* APIRequestErrorInformation.swift */; };
		5A1C365B2353303F00DE587A /* APIRequest.swift in Sources */ = {isa = PBXBuildFile; fileRef = 5A1C365A2353303F00DE587A /* APIRequest.swift */; };
		5A1C365D235333A000DE587A /* MultipartRequest.swift in Sources */ = {isa = PBXBuildFile; fileRef = 5A1C365C2353339F00DE587A /* MultipartRequest.swift */; };
		5A1C36602353872300DE587A /* BaseViewModel.swift in Sources */ = {isa = PBXBuildFile; fileRef = 5A1C365F2353872300DE587A /* BaseViewModel.swift */; };
		5A1C366523538AFD00DE587A /* ActivityView.swift in Sources */ = {isa = PBXBuildFile; fileRef = 5A1C366423538AFD00DE587A /* ActivityView.swift */; };
		5A24798623B0D07D00C1A5A2 /* SplashViewController.swift in Sources */ = {isa = PBXBuildFile; fileRef = 5A24798423B0D07D00C1A5A2 /* SplashViewController.swift */; };
		5A2481AE23B119E0001CE278 /* Splash.storyboard in Resources */ = {isa = PBXBuildFile; fileRef = 5A2481AD23B119E0001CE278 /* Splash.storyboard */; };
		5A2481B223B12259001CE278 /* ShareViewController.swift in Sources */ = {isa = PBXBuildFile; fileRef = 5A2481B023B12259001CE278 /* ShareViewController.swift */; };
		5A2481B323B12259001CE278 /* ShareViewController.xib in Resources */ = {isa = PBXBuildFile; fileRef = 5A2481B123B12259001CE278 /* ShareViewController.xib */; };
		5A249B44239124B200044D94 /* VoiceManager.swift in Sources */ = {isa = PBXBuildFile; fileRef = 5A249B43239124B200044D94 /* VoiceManager.swift */; };
		5A249B4623912D8100044D94 /* AVConverter.swift in Sources */ = {isa = PBXBuildFile; fileRef = 5A249B4523912D8100044D94 /* AVConverter.swift */; };
		5A249B4823917A5500044D94 /* VoiceModel.swift in Sources */ = {isa = PBXBuildFile; fileRef = 5A249B4723917A5500044D94 /* VoiceModel.swift */; };
		5A249B4F2391D12400044D94 /* AnimationsFactory.swift in Sources */ = {isa = PBXBuildFile; fileRef = 5A249B4E2391D12400044D94 /* AnimationsFactory.swift */; };
		5A27BAD6239FB3450073BC16 /* UITextField+Keyboard.swift in Sources */ = {isa = PBXBuildFile; fileRef = 5A27BAD5239FB3450073BC16 /* UITextField+Keyboard.swift */; };
		5A2E224E23AE2D0E00B9741F /* Roboto-Bold.ttf in Resources */ = {isa = PBXBuildFile; fileRef = 5A2E224923AE2D0D00B9741F /* Roboto-Bold.ttf */; };
		5A2E224F23AE2D0E00B9741F /* Roboto-Regular.ttf in Resources */ = {isa = PBXBuildFile; fileRef = 5A2E224A23AE2D0D00B9741F /* Roboto-Regular.ttf */; };
		5A2E225023AE2D0E00B9741F /* Roboto-Thin.ttf in Resources */ = {isa = PBXBuildFile; fileRef = 5A2E224B23AE2D0D00B9741F /* Roboto-Thin.ttf */; };
		5A2E225123AE2D0E00B9741F /* Roboto-Light.ttf in Resources */ = {isa = PBXBuildFile; fileRef = 5A2E224C23AE2D0D00B9741F /* Roboto-Light.ttf */; };
		5A2E225223AE2D0E00B9741F /* Roboto-Medium.ttf in Resources */ = {isa = PBXBuildFile; fileRef = 5A2E224D23AE2D0D00B9741F /* Roboto-Medium.ttf */; };
		5A3D0BEE238DB14100C60EB5 /* AnimatedButton.swift in Sources */ = {isa = PBXBuildFile; fileRef = 5A3D0BED238DB14100C60EB5 /* AnimatedButton.swift */; };
		5A3D0BF1238E838900C60EB5 /* SearchModel.swift in Sources */ = {isa = PBXBuildFile; fileRef = 5A3D0BF0238E838800C60EB5 /* SearchModel.swift */; };
		5A42C7AA23AC36E40033911F /* CoreData+Messages.swift in Sources */ = {isa = PBXBuildFile; fileRef = 5A42C7A923AC36E40033911F /* CoreData+Messages.swift */; };
		5A55D86A238956CF00318A53 /* ChatModule.swift in Sources */ = {isa = PBXBuildFile; fileRef = 5A55D869238956CF00318A53 /* ChatModule.swift */; };
		5A55D86D238957A300318A53 /* ChatModel.swift in Sources */ = {isa = PBXBuildFile; fileRef = 5A55D86C238957A300318A53 /* ChatModel.swift */; };
		5A55D87123895BA900318A53 /* ChatViewModel.swift in Sources */ = {isa = PBXBuildFile; fileRef = 5A55D87023895BA900318A53 /* ChatViewModel.swift */; };
		5A55D8762389660D00318A53 /* OutgoingBubbleTableViewCell.swift in Sources */ = {isa = PBXBuildFile; fileRef = 5A55D8742389660D00318A53 /* OutgoingBubbleTableViewCell.swift */; };
		5A55D8772389660D00318A53 /* OutgoingBubbleTableViewCell.xib in Resources */ = {isa = PBXBuildFile; fileRef = 5A55D8752389660D00318A53 /* OutgoingBubbleTableViewCell.xib */; };
		5A55D87A2389663700318A53 /* IncomingBubbleTableViewCell.swift in Sources */ = {isa = PBXBuildFile; fileRef = 5A55D8782389663700318A53 /* IncomingBubbleTableViewCell.swift */; };
		5A55D87B2389663700318A53 /* IncomingBubbleTableViewCell.xib in Resources */ = {isa = PBXBuildFile; fileRef = 5A55D8792389663700318A53 /* IncomingBubbleTableViewCell.xib */; };
		5A73D54923F958E600AABB5F /* Environment.swift in Sources */ = {isa = PBXBuildFile; fileRef = 5A73D54823F958E600AABB5F /* Environment.swift */; };
		5A796D3B239945590094A2AD /* IncomingModel.swift in Sources */ = {isa = PBXBuildFile; fileRef = 5A796D3A239945590094A2AD /* IncomingModel.swift */; };
		5A796D3D239945740094A2AD /* IncomingViewModel.swift in Sources */ = {isa = PBXBuildFile; fileRef = 5A796D3C239945740094A2AD /* IncomingViewModel.swift */; };
		5A796D3F2399B2FB0094A2AD /* CustomTextView.swift in Sources */ = {isa = PBXBuildFile; fileRef = 5A796D3E2399B2FB0094A2AD /* CustomTextView.swift */; };
		5A7EFF8623AA5A77001D8B70 /* CoreDataStack.swift in Sources */ = {isa = PBXBuildFile; fileRef = 5A7EFF8523AA5A77001D8B70 /* CoreDataStack.swift */; };
		5A7EFFB023ABAC86001D8B70 /* ManagedObjectConvertible.swift in Sources */ = {isa = PBXBuildFile; fileRef = 5A7EFFAF23ABAC86001D8B70 /* ManagedObjectConvertible.swift */; };
		5A8F434F234A249C007FB89F /* UIViewController+Alert.swift in Sources */ = {isa = PBXBuildFile; fileRef = 5A8F434E234A249C007FB89F /* UIViewController+Alert.swift */; };
		5A8F4351234A24A9007FB89F /* UIImageView+Cashe.swift in Sources */ = {isa = PBXBuildFile; fileRef = 5A8F4350234A24A9007FB89F /* UIImageView+Cashe.swift */; };
		5A8F4358234A37EA007FB89F /* AppDelegateSettings.swift in Sources */ = {isa = PBXBuildFile; fileRef = 5A8F4357234A37EA007FB89F /* AppDelegateSettings.swift */; };
		5A8F435B234A3FD1007FB89F /* Storyboards.swift in Sources */ = {isa = PBXBuildFile; fileRef = 5A8F435A234A3FD1007FB89F /* Storyboards.swift */; };
		5A8F435D234A4958007FB89F /* UIDevice+ModelType.swift in Sources */ = {isa = PBXBuildFile; fileRef = 5A8F435C234A4958007FB89F /* UIDevice+ModelType.swift */; };
		5A8F4361234A4B0A007FB89F /* Settings.swift in Sources */ = {isa = PBXBuildFile; fileRef = 5A8F4360234A4B0A007FB89F /* Settings.swift */; };
		5A8F4366234A4DFA007FB89F /* KeychainManager.swift in Sources */ = {isa = PBXBuildFile; fileRef = 5A8F4365234A4DFA007FB89F /* KeychainManager.swift */; };
		5A96CB6823AC0A3A00193CBE /* ManagedObjectProtocol.swift in Sources */ = {isa = PBXBuildFile; fileRef = 5A96CB6723AC0A3A00193CBE /* ManagedObjectProtocol.swift */; };
		5A96D7962489705C005BBDB3 /* UITextView+Hyperlink.swift in Sources */ = {isa = PBXBuildFile; fileRef = 5A96D7952489705C005BBDB3 /* UITextView+Hyperlink.swift */; };
		5A96D7982489782E005BBDB3 /* HyperLinks.swift in Sources */ = {isa = PBXBuildFile; fileRef = 5A96D7972489782E005BBDB3 /* HyperLinks.swift */; };
		5A96D79A24897A39005BBDB3 /* CaseItarable.swift in Sources */ = {isa = PBXBuildFile; fileRef = 5A96D79924897A39005BBDB3 /* CaseItarable.swift */; };
		5AA29E012427CF40008FBFFA /* GoogleService-DEV-Info.plist in Resources */ = {isa = PBXBuildFile; fileRef = 5AA29E002427CF40008FBFFA /* GoogleService-DEV-Info.plist */; };
		5AA8792223986877001564F6 /* OutgoingViewModel.swift in Sources */ = {isa = PBXBuildFile; fileRef = 5AA8792123986877001564F6 /* OutgoingViewModel.swift */; };
		5AA8792423986891001564F6 /* OutgoingModel.swift in Sources */ = {isa = PBXBuildFile; fileRef = 5AA8792323986891001564F6 /* OutgoingModel.swift */; };
		5AB57EBF231C5E4F00A22A8C /* AppDelegate.swift in Sources */ = {isa = PBXBuildFile; fileRef = 5AB57EBE231C5E4F00A22A8C /* AppDelegate.swift */; };
		5AB57EC1231C5E4F00A22A8C /* ChatViewController.swift in Sources */ = {isa = PBXBuildFile; fileRef = 5AB57EC0231C5E4F00A22A8C /* ChatViewController.swift */; };
		5AB57EC4231C5E4F00A22A8C /* Chat.storyboard in Resources */ = {isa = PBXBuildFile; fileRef = 5AB57EC2231C5E4F00A22A8C /* Chat.storyboard */; };
		5AB57EC6231C5E5100A22A8C /* Assets.xcassets in Resources */ = {isa = PBXBuildFile; fileRef = 5AB57EC5231C5E5100A22A8C /* Assets.xcassets */; };
		5AB57EC9231C5E5100A22A8C /* LaunchScreen.storyboard in Resources */ = {isa = PBXBuildFile; fileRef = 5AB57EC7231C5E5100A22A8C /* LaunchScreen.storyboard */; };
		5AB57EE0231C5EF400A22A8C /* Style.swift in Sources */ = {isa = PBXBuildFile; fileRef = 5AB57EDF231C5EF400A22A8C /* Style.swift */; };
		5AB705E3234A780500C23C3C /* UIView+LayoutAnchor.swift in Sources */ = {isa = PBXBuildFile; fileRef = 5AB705E2234A780500C23C3C /* UIView+LayoutAnchor.swift */; };
		5AB705E9234A7DCE00C23C3C /* AlamofireManager.swift in Sources */ = {isa = PBXBuildFile; fileRef = 5AB705E8234A7DCE00C23C3C /* AlamofireManager.swift */; };
		5AB705EB234A7DF400C23C3C /* String+Base64.swift in Sources */ = {isa = PBXBuildFile; fileRef = 5AB705EA234A7DF400C23C3C /* String+Base64.swift */; };
		5AB705ED234A7E9D00C23C3C /* Bundle.swift in Sources */ = {isa = PBXBuildFile; fileRef = 5AB705EC234A7E9D00C23C3C /* Bundle.swift */; };
		5AB7991523AE6C1300447A91 /* BubbleView.swift in Sources */ = {isa = PBXBuildFile; fileRef = 5AB7991423AE6C1300447A91 /* BubbleView.swift */; };
		5AB7991823AEE9EC00447A91 /* InputView.xib in Resources */ = {isa = PBXBuildFile; fileRef = 5AB7991723AEE9EC00447A91 /* InputView.xib */; };
		5AB7991A23AF65D000447A91 /* InputView.swift in Sources */ = {isa = PBXBuildFile; fileRef = 5AB7991923AF65D000447A91 /* InputView.swift */; };
		5AB9FBA6238D53E300B4FE83 /* UICollectionViewCell.swift in Sources */ = {isa = PBXBuildFile; fileRef = 5AB9FBA5238D53E300B4FE83 /* UICollectionViewCell.swift */; };
		5AC11AA123896F350082B34D /* UITableViewCell.swift in Sources */ = {isa = PBXBuildFile; fileRef = 5AC11AA023896F350082B34D /* UITableViewCell.swift */; };
		5ADD7C7323E0CA0B009468FC /* FirebaseEventManager.swift in Sources */ = {isa = PBXBuildFile; fileRef = 5ADD7C7223E0CA0B009468FC /* FirebaseEventManager.swift */; };
		5ADD7C7523E0D5EF009468FC /* FirebaseEvent.swift in Sources */ = {isa = PBXBuildFile; fileRef = 5ADD7C7423E0D5EF009468FC /* FirebaseEvent.swift */; };
		5AE8B10D23CF4BBD00FB755B /* GoogleService-Info.plist in Resources */ = {isa = PBXBuildFile; fileRef = 5AE8B10C23CF4BBD00FB755B /* GoogleService-Info.plist */; };
		5AF5BC8423ABD4F30006CD13 /* CoreDataManager.swift in Sources */ = {isa = PBXBuildFile; fileRef = 5AF5BC8323ABD4F30006CD13 /* CoreDataManager.swift */; };
		DEA2EE3B133F38D24B4DAC53 /* libPods-ChatBot.a in Frameworks */ = {isa = PBXBuildFile; fileRef = EBF1A66120B2DDB88D893F32 /* libPods-ChatBot.a */; };
/* End PBXBuildFile section */

/* Begin PBXCopyFilesBuildPhase section */
		5A249B4C2391C46B00044D94 /* Embed Frameworks */ = {
			isa = PBXCopyFilesBuildPhase;
			buildActionMask = 2147483647;
			dstPath = "";
			dstSubfolderSpec = 10;
			files = (
			);
			name = "Embed Frameworks";
			runOnlyForDeploymentPostprocessing = 0;
		};
/* End PBXCopyFilesBuildPhase section */

/* Begin PBXFileReference section */
		02138731ECFED050DF7A5128 /* Pods-ChatBot.debug (production).xcconfig */ = {isa = PBXFileReference; includeInIndex = 1; lastKnownFileType = text.xcconfig; name = "Pods-ChatBot.debug (production).xcconfig"; path = "Target Support Files/Pods-ChatBot/Pods-ChatBot.debug (production).xcconfig"; sourceTree = "<group>"; };
		20A58A157A90EDD4E648BD45 /* Pods-ChatBot.debug.xcconfig */ = {isa = PBXFileReference; includeInIndex = 1; lastKnownFileType = text.xcconfig; name = "Pods-ChatBot.debug.xcconfig"; path = "Target Support Files/Pods-ChatBot/Pods-ChatBot.debug.xcconfig"; sourceTree = "<group>"; };
		4DBCD71FACA33720C70BFC8E /* Pods-ChatBot-DEV.release.xcconfig */ = {isa = PBXFileReference; includeInIndex = 1; lastKnownFileType = text.xcconfig; name = "Pods-ChatBot-DEV.release.xcconfig"; path = "Target Support Files/Pods-ChatBot-DEV/Pods-ChatBot-DEV.release.xcconfig"; sourceTree = "<group>"; };
		4DD30D1D0461754F11F70ED9 /* Pods-ChatBot-DEV.debug.xcconfig */ = {isa = PBXFileReference; includeInIndex = 1; lastKnownFileType = text.xcconfig; name = "Pods-ChatBot-DEV.debug.xcconfig"; path = "Target Support Files/Pods-ChatBot-DEV/Pods-ChatBot-DEV.debug.xcconfig"; sourceTree = "<group>"; };
		5A00896D238D491200F26C66 /* CustomInputTextView.swift */ = {isa = PBXFileReference; lastKnownFileType = sourcecode.swift; path = CustomInputTextView.swift; sourceTree = "<group>"; };
		5A18068C23AC013800ED314E /* ChatMessages.xcdatamodel */ = {isa = PBXFileReference; lastKnownFileType = wrapper.xcdatamodel; path = ChatMessages.xcdatamodel; sourceTree = "<group>"; };
		5A1C364B23531CB700DE587A /* APIClient.swift */ = {isa = PBXFileReference; lastKnownFileType = sourcecode.swift; path = APIClient.swift; sourceTree = "<group>"; };
		5A1C364D23531D2000DE587A /* Base.swift */ = {isa = PBXFileReference; lastKnownFileType = sourcecode.swift; path = Base.swift; sourceTree = "<group>"; };
		5A1C364F23531EB700DE587A /* RequestsFactory.swift */ = {isa = PBXFileReference; lastKnownFileType = sourcecode.swift; path = RequestsFactory.swift; sourceTree = "<group>"; };
		5A1C3654235320B600DE587A /* ChatService.swift */ = {isa = PBXFileReference; lastKnownFileType = sourcecode.swift; path = ChatService.swift; sourceTree = "<group>"; };
		5A1C365623532A7D00DE587A /* PagingRequest.swift */ = {isa = PBXFileReference; fileEncoding = 4; lastKnownFileType = sourcecode.swift; path = PagingRequest.swift; sourceTree = "<group>"; };
		5A1C365823532C1300DE587A /* APIRequestErrorInformation.swift */ = {isa = PBXFileReference; lastKnownFileType = sourcecode.swift; path = APIRequestErrorInformation.swift; sourceTree = "<group>"; };
		5A1C365A2353303F00DE587A /* APIRequest.swift */ = {isa = PBXFileReference; lastKnownFileType = sourcecode.swift; path = APIRequest.swift; sourceTree = "<group>"; };
		5A1C365C2353339F00DE587A /* MultipartRequest.swift */ = {isa = PBXFileReference; fileEncoding = 4; lastKnownFileType = sourcecode.swift; path = MultipartRequest.swift; sourceTree = "<group>"; };
		5A1C365F2353872300DE587A /* BaseViewModel.swift */ = {isa = PBXFileReference; lastKnownFileType = sourcecode.swift; path = BaseViewModel.swift; sourceTree = "<group>"; };
		5A1C366423538AFD00DE587A /* ActivityView.swift */ = {isa = PBXFileReference; lastKnownFileType = sourcecode.swift; path = ActivityView.swift; sourceTree = "<group>"; };
		5A24798423B0D07D00C1A5A2 /* SplashViewController.swift */ = {isa = PBXFileReference; lastKnownFileType = sourcecode.swift; path = SplashViewController.swift; sourceTree = "<group>"; };
		5A2481AD23B119E0001CE278 /* Splash.storyboard */ = {isa = PBXFileReference; lastKnownFileType = file.storyboard; path = Splash.storyboard; sourceTree = "<group>"; };
		5A2481B023B12259001CE278 /* ShareViewController.swift */ = {isa = PBXFileReference; lastKnownFileType = sourcecode.swift; path = ShareViewController.swift; sourceTree = "<group>"; };
		5A2481B123B12259001CE278 /* ShareViewController.xib */ = {isa = PBXFileReference; lastKnownFileType = file.xib; path = ShareViewController.xib; sourceTree = "<group>"; };
		5A249B43239124B200044D94 /* VoiceManager.swift */ = {isa = PBXFileReference; lastKnownFileType = sourcecode.swift; path = VoiceManager.swift; sourceTree = "<group>"; };
		5A249B4523912D8100044D94 /* AVConverter.swift */ = {isa = PBXFileReference; lastKnownFileType = sourcecode.swift; path = AVConverter.swift; sourceTree = "<group>"; };
		5A249B4723917A5500044D94 /* VoiceModel.swift */ = {isa = PBXFileReference; lastKnownFileType = sourcecode.swift; path = VoiceModel.swift; sourceTree = "<group>"; };
		5A249B4E2391D12400044D94 /* AnimationsFactory.swift */ = {isa = PBXFileReference; lastKnownFileType = sourcecode.swift; path = AnimationsFactory.swift; sourceTree = "<group>"; };
		5A27BAD5239FB3450073BC16 /* UITextField+Keyboard.swift */ = {isa = PBXFileReference; lastKnownFileType = sourcecode.swift; path = "UITextField+Keyboard.swift"; sourceTree = "<group>"; };
		5A2E224923AE2D0D00B9741F /* Roboto-Bold.ttf */ = {isa = PBXFileReference; lastKnownFileType = file; path = "Roboto-Bold.ttf"; sourceTree = "<group>"; };
		5A2E224A23AE2D0D00B9741F /* Roboto-Regular.ttf */ = {isa = PBXFileReference; lastKnownFileType = file; path = "Roboto-Regular.ttf"; sourceTree = "<group>"; };
		5A2E224B23AE2D0D00B9741F /* Roboto-Thin.ttf */ = {isa = PBXFileReference; lastKnownFileType = file; path = "Roboto-Thin.ttf"; sourceTree = "<group>"; };
		5A2E224C23AE2D0D00B9741F /* Roboto-Light.ttf */ = {isa = PBXFileReference; lastKnownFileType = file; path = "Roboto-Light.ttf"; sourceTree = "<group>"; };
		5A2E224D23AE2D0D00B9741F /* Roboto-Medium.ttf */ = {isa = PBXFileReference; lastKnownFileType = file; path = "Roboto-Medium.ttf"; sourceTree = "<group>"; };
		5A3D0BED238DB14100C60EB5 /* AnimatedButton.swift */ = {isa = PBXFileReference; fileEncoding = 4; lastKnownFileType = sourcecode.swift; path = AnimatedButton.swift; sourceTree = "<group>"; };
		5A3D0BF0238E838800C60EB5 /* SearchModel.swift */ = {isa = PBXFileReference; lastKnownFileType = sourcecode.swift; path = SearchModel.swift; sourceTree = "<group>"; };
		5A42C7A923AC36E40033911F /* CoreData+Messages.swift */ = {isa = PBXFileReference; lastKnownFileType = sourcecode.swift; path = "CoreData+Messages.swift"; sourceTree = "<group>"; };
		5A55D869238956CF00318A53 /* ChatModule.swift */ = {isa = PBXFileReference; lastKnownFileType = sourcecode.swift; path = ChatModule.swift; sourceTree = "<group>"; };
		5A55D86C238957A300318A53 /* ChatModel.swift */ = {isa = PBXFileReference; lastKnownFileType = sourcecode.swift; path = ChatModel.swift; sourceTree = "<group>"; };
		5A55D87023895BA900318A53 /* ChatViewModel.swift */ = {isa = PBXFileReference; lastKnownFileType = sourcecode.swift; path = ChatViewModel.swift; sourceTree = "<group>"; };
		5A55D8742389660D00318A53 /* OutgoingBubbleTableViewCell.swift */ = {isa = PBXFileReference; lastKnownFileType = sourcecode.swift; path = OutgoingBubbleTableViewCell.swift; sourceTree = "<group>"; };
		5A55D8752389660D00318A53 /* OutgoingBubbleTableViewCell.xib */ = {isa = PBXFileReference; lastKnownFileType = file.xib; path = OutgoingBubbleTableViewCell.xib; sourceTree = "<group>"; };
		5A55D8782389663700318A53 /* IncomingBubbleTableViewCell.swift */ = {isa = PBXFileReference; lastKnownFileType = sourcecode.swift; path = IncomingBubbleTableViewCell.swift; sourceTree = "<group>"; };
		5A55D8792389663700318A53 /* IncomingBubbleTableViewCell.xib */ = {isa = PBXFileReference; lastKnownFileType = file.xib; path = IncomingBubbleTableViewCell.xib; sourceTree = "<group>"; };
		5A73D54623F9580200AABB5F /* Development.xcconfig */ = {isa = PBXFileReference; lastKnownFileType = text.xcconfig; path = Development.xcconfig; sourceTree = "<group>"; };
		5A73D54723F958B100AABB5F /* Production.xcconfig */ = {isa = PBXFileReference; lastKnownFileType = text.xcconfig; path = Production.xcconfig; sourceTree = "<group>"; };
		5A73D54823F958E600AABB5F /* Environment.swift */ = {isa = PBXFileReference; lastKnownFileType = sourcecode.swift; path = Environment.swift; sourceTree = "<group>"; };
		5A796D3A239945590094A2AD /* IncomingModel.swift */ = {isa = PBXFileReference; lastKnownFileType = sourcecode.swift; path = IncomingModel.swift; sourceTree = "<group>"; };
		5A796D3C239945740094A2AD /* IncomingViewModel.swift */ = {isa = PBXFileReference; lastKnownFileType = sourcecode.swift; path = IncomingViewModel.swift; sourceTree = "<group>"; };
		5A796D3E2399B2FB0094A2AD /* CustomTextView.swift */ = {isa = PBXFileReference; lastKnownFileType = sourcecode.swift; path = CustomTextView.swift; sourceTree = "<group>"; };
		5A7EFF8523AA5A77001D8B70 /* CoreDataStack.swift */ = {isa = PBXFileReference; lastKnownFileType = sourcecode.swift; path = CoreDataStack.swift; sourceTree = "<group>"; };
		5A7EFFAF23ABAC86001D8B70 /* ManagedObjectConvertible.swift */ = {isa = PBXFileReference; lastKnownFileType = sourcecode.swift; path = ManagedObjectConvertible.swift; sourceTree = "<group>"; };
		5A8F434E234A249C007FB89F /* UIViewController+Alert.swift */ = {isa = PBXFileReference; fileEncoding = 4; lastKnownFileType = sourcecode.swift; path = "UIViewController+Alert.swift"; sourceTree = "<group>"; };
		5A8F4350234A24A9007FB89F /* UIImageView+Cashe.swift */ = {isa = PBXFileReference; fileEncoding = 4; lastKnownFileType = sourcecode.swift; path = "UIImageView+Cashe.swift"; sourceTree = "<group>"; };
		5A8F4357234A37EA007FB89F /* AppDelegateSettings.swift */ = {isa = PBXFileReference; lastKnownFileType = sourcecode.swift; path = AppDelegateSettings.swift; sourceTree = "<group>"; };
		5A8F435A234A3FD1007FB89F /* Storyboards.swift */ = {isa = PBXFileReference; lastKnownFileType = sourcecode.swift; path = Storyboards.swift; sourceTree = "<group>"; };
		5A8F435C234A4958007FB89F /* UIDevice+ModelType.swift */ = {isa = PBXFileReference; lastKnownFileType = sourcecode.swift; path = "UIDevice+ModelType.swift"; sourceTree = "<group>"; };
		5A8F4360234A4B0A007FB89F /* Settings.swift */ = {isa = PBXFileReference; lastKnownFileType = sourcecode.swift; path = Settings.swift; sourceTree = "<group>"; };
		5A8F4365234A4DFA007FB89F /* KeychainManager.swift */ = {isa = PBXFileReference; lastKnownFileType = sourcecode.swift; path = KeychainManager.swift; sourceTree = "<group>"; };
		5A96CB6723AC0A3A00193CBE /* ManagedObjectProtocol.swift */ = {isa = PBXFileReference; fileEncoding = 4; lastKnownFileType = sourcecode.swift; path = ManagedObjectProtocol.swift; sourceTree = "<group>"; };
		5A96D7952489705C005BBDB3 /* UITextView+Hyperlink.swift */ = {isa = PBXFileReference; lastKnownFileType = sourcecode.swift; path = "UITextView+Hyperlink.swift"; sourceTree = "<group>"; };
		5A96D7972489782E005BBDB3 /* HyperLinks.swift */ = {isa = PBXFileReference; lastKnownFileType = sourcecode.swift; path = HyperLinks.swift; sourceTree = "<group>"; };
		5A96D79924897A39005BBDB3 /* CaseItarable.swift */ = {isa = PBXFileReference; lastKnownFileType = sourcecode.swift; path = CaseItarable.swift; sourceTree = "<group>"; };
		5AA29E002427CF40008FBFFA /* GoogleService-DEV-Info.plist */ = {isa = PBXFileReference; fileEncoding = 4; lastKnownFileType = text.plist.xml; path = "GoogleService-DEV-Info.plist"; sourceTree = "<group>"; };
		5AA8792123986877001564F6 /* OutgoingViewModel.swift */ = {isa = PBXFileReference; lastKnownFileType = sourcecode.swift; path = OutgoingViewModel.swift; sourceTree = "<group>"; };
		5AA8792323986891001564F6 /* OutgoingModel.swift */ = {isa = PBXFileReference; lastKnownFileType = sourcecode.swift; path = OutgoingModel.swift; sourceTree = "<group>"; };
		5AB57EBB231C5E4F00A22A8C /* Asknpd.ru.app */ = {isa = PBXFileReference; explicitFileType = wrapper.application; includeInIndex = 0; path = Asknpd.ru.app; sourceTree = BUILT_PRODUCTS_DIR; };
		5AB57EBE231C5E4F00A22A8C /* AppDelegate.swift */ = {isa = PBXFileReference; lastKnownFileType = sourcecode.swift; path = AppDelegate.swift; sourceTree = "<group>"; };
		5AB57EC0231C5E4F00A22A8C /* ChatViewController.swift */ = {isa = PBXFileReference; lastKnownFileType = sourcecode.swift; path = ChatViewController.swift; sourceTree = "<group>"; };
		5AB57EC3231C5E4F00A22A8C /* Base */ = {isa = PBXFileReference; lastKnownFileType = file.storyboard; name = Base; path = Base.lproj/Chat.storyboard; sourceTree = "<group>"; };
		5AB57EC5231C5E5100A22A8C /* Assets.xcassets */ = {isa = PBXFileReference; lastKnownFileType = folder.assetcatalog; path = Assets.xcassets; sourceTree = "<group>"; };
		5AB57EC8231C5E5100A22A8C /* Base */ = {isa = PBXFileReference; lastKnownFileType = file.storyboard; name = Base; path = Base.lproj/LaunchScreen.storyboard; sourceTree = "<group>"; };
		5AB57ECA231C5E5100A22A8C /* Info.plist */ = {isa = PBXFileReference; lastKnownFileType = text.plist.xml; path = Info.plist; sourceTree = "<group>"; };
		5AB57ED3231C5E5100A22A8C /* ChatBotTests.swift */ = {isa = PBXFileReference; lastKnownFileType = sourcecode.swift; path = ChatBotTests.swift; sourceTree = "<group>"; };
		5AB57ED5231C5E5100A22A8C /* Info.plist */ = {isa = PBXFileReference; lastKnownFileType = text.plist.xml; path = Info.plist; sourceTree = "<group>"; };
		5AB57EDF231C5EF400A22A8C /* Style.swift */ = {isa = PBXFileReference; lastKnownFileType = sourcecode.swift; path = Style.swift; sourceTree = "<group>"; };
		5AB705E2234A780500C23C3C /* UIView+LayoutAnchor.swift */ = {isa = PBXFileReference; fileEncoding = 4; lastKnownFileType = sourcecode.swift; path = "UIView+LayoutAnchor.swift"; sourceTree = "<group>"; };
		5AB705E8234A7DCE00C23C3C /* AlamofireManager.swift */ = {isa = PBXFileReference; fileEncoding = 4; lastKnownFileType = sourcecode.swift; path = AlamofireManager.swift; sourceTree = "<group>"; };
		5AB705EA234A7DF400C23C3C /* String+Base64.swift */ = {isa = PBXFileReference; fileEncoding = 4; lastKnownFileType = sourcecode.swift; path = "String+Base64.swift"; sourceTree = "<group>"; };
		5AB705EC234A7E9D00C23C3C /* Bundle.swift */ = {isa = PBXFileReference; lastKnownFileType = sourcecode.swift; path = Bundle.swift; sourceTree = "<group>"; };
		5AB7991423AE6C1300447A91 /* BubbleView.swift */ = {isa = PBXFileReference; lastKnownFileType = sourcecode.swift; path = BubbleView.swift; sourceTree = "<group>"; };
		5AB7991723AEE9EC00447A91 /* InputView.xib */ = {isa = PBXFileReference; lastKnownFileType = file.xib; path = InputView.xib; sourceTree = "<group>"; };
		5AB7991923AF65D000447A91 /* InputView.swift */ = {isa = PBXFileReference; lastKnownFileType = sourcecode.swift; path = InputView.swift; sourceTree = "<group>"; };
		5AB9FBA5238D53E300B4FE83 /* UICollectionViewCell.swift */ = {isa = PBXFileReference; fileEncoding = 4; lastKnownFileType = sourcecode.swift; path = UICollectionViewCell.swift; sourceTree = "<group>"; };
		5AC11AA023896F350082B34D /* UITableViewCell.swift */ = {isa = PBXFileReference; fileEncoding = 4; lastKnownFileType = sourcecode.swift; path = UITableViewCell.swift; sourceTree = "<group>"; };
		5ACA4C2123FA70A600AE2979 /* Chatbot.entitlements */ = {isa = PBXFileReference; lastKnownFileType = text.plist.entitlements; path = Chatbot.entitlements; sourceTree = "<group>"; };
		5ADD7C7223E0CA0B009468FC /* FirebaseEventManager.swift */ = {isa = PBXFileReference; lastKnownFileType = sourcecode.swift; path = FirebaseEventManager.swift; sourceTree = "<group>"; };
		5ADD7C7423E0D5EF009468FC /* FirebaseEvent.swift */ = {isa = PBXFileReference; lastKnownFileType = sourcecode.swift; path = FirebaseEvent.swift; sourceTree = "<group>"; };
		5AE8B10C23CF4BBD00FB755B /* GoogleService-Info.plist */ = {isa = PBXFileReference; fileEncoding = 4; lastKnownFileType = text.plist.xml; path = "GoogleService-Info.plist"; sourceTree = "<group>"; };
		5AF5BC8323ABD4F30006CD13 /* CoreDataManager.swift */ = {isa = PBXFileReference; lastKnownFileType = sourcecode.swift; path = CoreDataManager.swift; sourceTree = "<group>"; };
		AB3879D991C7BE0828EE59D4 /* Pods-ChatBot.release (production).xcconfig */ = {isa = PBXFileReference; includeInIndex = 1; lastKnownFileType = text.xcconfig; name = "Pods-ChatBot.release (production).xcconfig"; path = "Target Support Files/Pods-ChatBot/Pods-ChatBot.release (production).xcconfig"; sourceTree = "<group>"; };
		CF2D0F89D352083D7C0D2526 /* Pods-ChatBot.release.xcconfig */ = {isa = PBXFileReference; includeInIndex = 1; lastKnownFileType = text.xcconfig; name = "Pods-ChatBot.release.xcconfig"; path = "Target Support Files/Pods-ChatBot/Pods-ChatBot.release.xcconfig"; sourceTree = "<group>"; };
		DA30B4DB82E1DF5F1D201989 /* Pods-ChatBot.release (development).xcconfig */ = {isa = PBXFileReference; includeInIndex = 1; lastKnownFileType = text.xcconfig; name = "Pods-ChatBot.release (development).xcconfig"; path = "Target Support Files/Pods-ChatBot/Pods-ChatBot.release (development).xcconfig"; sourceTree = "<group>"; };
		E7006ADA909FB75D3074F0BF /* libPods-ChatBot-DEV.a */ = {isa = PBXFileReference; explicitFileType = archive.ar; includeInIndex = 0; path = "libPods-ChatBot-DEV.a"; sourceTree = BUILT_PRODUCTS_DIR; };
		EBF1A66120B2DDB88D893F32 /* libPods-ChatBot.a */ = {isa = PBXFileReference; explicitFileType = archive.ar; includeInIndex = 0; path = "libPods-ChatBot.a"; sourceTree = BUILT_PRODUCTS_DIR; };
		F49472392F3A1374A377D426 /* Pods-ChatBot.debug (development).xcconfig */ = {isa = PBXFileReference; includeInIndex = 1; lastKnownFileType = text.xcconfig; name = "Pods-ChatBot.debug (development).xcconfig"; path = "Target Support Files/Pods-ChatBot/Pods-ChatBot.debug (development).xcconfig"; sourceTree = "<group>"; };
/* End PBXFileReference section */

/* Begin PBXFrameworksBuildPhase section */
		5AB57EB8231C5E4F00A22A8C /* Frameworks */ = {
			isa = PBXFrameworksBuildPhase;
			buildActionMask = 2147483647;
			files = (
				DEA2EE3B133F38D24B4DAC53 /* libPods-ChatBot.a in Frameworks */,
			);
			runOnlyForDeploymentPostprocessing = 0;
		};
/* End PBXFrameworksBuildPhase section */

/* Begin PBXGroup section */
		5A00896A238C8F0C00F26C66 /* Outgoing */ = {
			isa = PBXGroup;
			children = (
				5AA8791E2398684B001564F6 /* Model */,
				5AA8791F23986851001564F6 /* View */,
				5AA879202398685D001564F6 /* ViewModel */,
			);
			path = Outgoing;
			sourceTree = "<group>";
		};
		5A00896C238D490300F26C66 /* InputView */ = {
			isa = PBXGroup;
			children = (
				5A00896D238D491200F26C66 /* CustomInputTextView.swift */,
			);
			path = InputView;
			sourceTree = "<group>";
		};
		5A1C36512353208900DE587A /* API */ = {
			isa = PBXGroup;
			children = (
				5AB705E5234A7AC200C23C3C /* APIClient */,
				5A1C36522353209300DE587A /* Requests */,
			);
			path = API;
			sourceTree = "<group>";
		};
		5A1C36522353209300DE587A /* Requests */ = {
			isa = PBXGroup;
			children = (
				5A1C364F23531EB700DE587A /* RequestsFactory.swift */,
				5A1C3654235320B600DE587A /* ChatService.swift */,
			);
			path = Requests;
			sourceTree = "<group>";
		};
		5A1C365E2353871300DE587A /* BaseViewModel */ = {
			isa = PBXGroup;
			children = (
				5A1C365F2353872300DE587A /* BaseViewModel.swift */,
			);
			path = BaseViewModel;
			sourceTree = "<group>";
		};
		5A1C366123538ADC00DE587A /* CustomViews */ = {
			isa = PBXGroup;
			children = (
				5AB7991323AE6BE700447A91 /* BubbleView */,
				5A3D0BEF238DB15800C60EB5 /* AnimatedButton */,
				5A00896C238D490300F26C66 /* InputView */,
				5A1C366623538B0400DE587A /* Activity */,
				5AB5219824B21F1800DB662F /* CustomTextView */,
			);
			path = CustomViews;
			sourceTree = "<group>";
		};
		5A1C366623538B0400DE587A /* Activity */ = {
			isa = PBXGroup;
			children = (
				5A1C366423538AFD00DE587A /* ActivityView.swift */,
			);
			path = Activity;
			sourceTree = "<group>";
		};
		5A2481AC23B119B4001CE278 /* SplashScreen */ = {
			isa = PBXGroup;
			children = (
				5A2481AD23B119E0001CE278 /* Splash.storyboard */,
				5A24798423B0D07D00C1A5A2 /* SplashViewController.swift */,
			);
			path = SplashScreen;
			sourceTree = "<group>";
		};
		5A2481AF23B121B9001CE278 /* ShareScreen */ = {
			isa = PBXGroup;
			children = (
				5A2481B023B12259001CE278 /* ShareViewController.swift */,
				5A2481B123B12259001CE278 /* ShareViewController.xib */,
			);
			path = ShareScreen;
			sourceTree = "<group>";
		};
		5A249B422391238C00044D94 /* Player */ = {
			isa = PBXGroup;
			children = (
				5A249B43239124B200044D94 /* VoiceManager.swift */,
				5A249B4523912D8100044D94 /* AVConverter.swift */,
			);
			path = Player;
			sourceTree = "<group>";
		};
		5A249B4D2391D10F00044D94 /* Animations */ = {
			isa = PBXGroup;
			children = (
				5A249B4E2391D12400044D94 /* AnimationsFactory.swift */,
			);
			path = Animations;
			sourceTree = "<group>";
		};
		5A3D0BEF238DB15800C60EB5 /* AnimatedButton */ = {
			isa = PBXGroup;
			children = (
				5A3D0BED238DB14100C60EB5 /* AnimatedButton.swift */,
			);
			path = AnimatedButton;
			sourceTree = "<group>";
		};
		5A51CEE123A97220000FABFC /* CoreData */ = {
			isa = PBXGroup;
			children = (
				5AF5BC8723ABD6BF0006CD13 /* Base */,
				5AF5BC8623ABD63D0006CD13 /* Objects */,
				5AF5BC8523ABD6300006CD13 /* DataBase */,
			);
			path = CoreData;
			sourceTree = "<group>";
		};
		5A55D868238956B700318A53 /* ChatModule */ = {
			isa = PBXGroup;
			children = (
				5A55D869238956CF00318A53 /* ChatModule.swift */,
			);
			path = ChatModule;
			sourceTree = "<group>";
		};
		5A55D86B238956EA00318A53 /* Model */ = {
			isa = PBXGroup;
			children = (
				5A55D86C238957A300318A53 /* ChatModel.swift */,
				5A249B4723917A5500044D94 /* VoiceModel.swift */,
				5A3D0BF0238E838800C60EB5 /* SearchModel.swift */,
			);
			path = Model;
			sourceTree = "<group>";
		};
		5A55D86E23895AC100318A53 /* Views */ = {
			isa = PBXGroup;
			children = (
				5AB7991623AEE9CB00447A91 /* InputView */,
				5A55D873238965A200318A53 /* Controller */,
				5A55D8722389659D00318A53 /* Cells */,
			);
			path = Views;
			sourceTree = "<group>";
		};
		5A55D86F23895B4D00318A53 /* ViewModel */ = {
			isa = PBXGroup;
			children = (
				5A55D87023895BA900318A53 /* ChatViewModel.swift */,
			);
			path = ViewModel;
			sourceTree = "<group>";
		};
		5A55D8722389659D00318A53 /* Cells */ = {
			isa = PBXGroup;
			children = (
				5A00896A238C8F0C00F26C66 /* Outgoing */,
				5AA8791D23986836001564F6 /* Incoming */,
			);
			path = Cells;
			sourceTree = "<group>";
		};
		5A55D873238965A200318A53 /* Controller */ = {
			isa = PBXGroup;
			children = (
				5AB57EC0231C5E4F00A22A8C /* ChatViewController.swift */,
			);
			path = Controller;
			sourceTree = "<group>";
		};
		5A73D54523F957C500AABB5F /* Config */ = {
			isa = PBXGroup;
			children = (
				5A73D54723F958B100AABB5F /* Production.xcconfig */,
				5A73D54623F9580200AABB5F /* Development.xcconfig */,
				5A73D54823F958E600AABB5F /* Environment.swift */,
				5A96D7972489782E005BBDB3 /* HyperLinks.swift */,
			);
			path = Config;
			sourceTree = "<group>";
		};
		5A796D372399452A0094A2AD /* Model */ = {
			isa = PBXGroup;
			children = (
				5A796D3A239945590094A2AD /* IncomingModel.swift */,
			);
			path = Model;
			sourceTree = "<group>";
		};
		5A796D38239945380094A2AD /* View */ = {
			isa = PBXGroup;
			children = (
				5A55D8782389663700318A53 /* IncomingBubbleTableViewCell.swift */,
				5A55D8792389663700318A53 /* IncomingBubbleTableViewCell.xib */,
			);
			path = View;
			sourceTree = "<group>";
		};
		5A796D392399453F0094A2AD /* ViewModel */ = {
			isa = PBXGroup;
			children = (
				5A796D3C239945740094A2AD /* IncomingViewModel.swift */,
			);
			path = ViewModel;
			sourceTree = "<group>";
		};
		5A8F432B234A1BED007FB89F /* UI */ = {
			isa = PBXGroup;
			children = (
				5A2481AC23B119B4001CE278 /* SplashScreen */,
				5A2481AF23B121B9001CE278 /* ShareScreen */,
				5A8F432E234A1D77007FB89F /* ChatScreen */,
			);
			path = UI;
			sourceTree = "<group>";
		};
		5A8F432C234A1D53007FB89F /* Resources */ = {
			isa = PBXGroup;
			children = (
				5AB57EC5231C5E5100A22A8C /* Assets.xcassets */,
				5AB57EC7231C5E5100A22A8C /* LaunchScreen.storyboard */,
				5AB57ECA231C5E5100A22A8C /* Info.plist */,
				5AA29E002427CF40008FBFFA /* GoogleService-DEV-Info.plist */,
				5AE8B10C23CF4BBD00FB755B /* GoogleService-Info.plist */,
			);
			path = Resources;
			sourceTree = "<group>";
		};
		5A8F432E234A1D77007FB89F /* ChatScreen */ = {
			isa = PBXGroup;
			children = (
				5AB57EC2231C5E4F00A22A8C /* Chat.storyboard */,
				5A55D868238956B700318A53 /* ChatModule */,
				5A55D86B238956EA00318A53 /* Model */,
				5A55D86E23895AC100318A53 /* Views */,
				5A55D86F23895B4D00318A53 /* ViewModel */,
			);
			path = ChatScreen;
			sourceTree = "<group>";
		};
		5A8F432F234A21BB007FB89F /* Fonts */ = {
			isa = PBXGroup;
			children = (
				5A2E224923AE2D0D00B9741F /* Roboto-Bold.ttf */,
				5A2E224C23AE2D0D00B9741F /* Roboto-Light.ttf */,
				5A2E224D23AE2D0D00B9741F /* Roboto-Medium.ttf */,
				5A2E224A23AE2D0D00B9741F /* Roboto-Regular.ttf */,
				5A2E224B23AE2D0D00B9741F /* Roboto-Thin.ttf */,
			);
			path = Fonts;
			sourceTree = "<group>";
		};
		5A8F4330234A21D3007FB89F /* Colors */ = {
			isa = PBXGroup;
			children = (
				5AB57EDF231C5EF400A22A8C /* Style.swift */,
			);
			path = Colors;
			sourceTree = "<group>";
		};
		5A8F434D234A247F007FB89F /* Extensions */ = {
			isa = PBXGroup;
			children = (
				5A8F434E234A249C007FB89F /* UIViewController+Alert.swift */,
				5AC11AA023896F350082B34D /* UITableViewCell.swift */,
				5AB9FBA5238D53E300B4FE83 /* UICollectionViewCell.swift */,
				5A8F435C234A4958007FB89F /* UIDevice+ModelType.swift */,
				5A8F4350234A24A9007FB89F /* UIImageView+Cashe.swift */,
				5AB705E2234A780500C23C3C /* UIView+LayoutAnchor.swift */,
				5AB705EA234A7DF400C23C3C /* String+Base64.swift */,
				5AB705EC234A7E9D00C23C3C /* Bundle.swift */,
				5A27BAD5239FB3450073BC16 /* UITextField+Keyboard.swift */,
				5A96D7952489705C005BBDB3 /* UITextView+Hyperlink.swift */,
				5A96D79924897A39005BBDB3 /* CaseItarable.swift */,
			);
			path = Extensions;
			sourceTree = "<group>";
		};
		5A8F4359234A3F96007FB89F /* Storyboards */ = {
			isa = PBXGroup;
			children = (
				5A8F435A234A3FD1007FB89F /* Storyboards.swift */,
			);
			path = Storyboards;
			sourceTree = "<group>";
		};
		5A8F4362234A4B26007FB89F /* UserSettings */ = {
			isa = PBXGroup;
			children = (
				5A8F4360234A4B0A007FB89F /* Settings.swift */,
				5A8F4365234A4DFA007FB89F /* KeychainManager.swift */,
			);
			path = UserSettings;
			sourceTree = "<group>";
		};
		5A96CB6923AC0A8D00193CBE /* Recovered References */ = {
			isa = PBXGroup;
			children = (
			);
			name = "Recovered References";
			sourceTree = "<group>";
		};
		5AA8791D23986836001564F6 /* Incoming */ = {
			isa = PBXGroup;
			children = (
				5A796D372399452A0094A2AD /* Model */,
				5A796D38239945380094A2AD /* View */,
				5A796D392399453F0094A2AD /* ViewModel */,
			);
			path = Incoming;
			sourceTree = "<group>";
		};
		5AA8791E2398684B001564F6 /* Model */ = {
			isa = PBXGroup;
			children = (
				5AA8792323986891001564F6 /* OutgoingModel.swift */,
			);
			path = Model;
			sourceTree = "<group>";
		};
		5AA8791F23986851001564F6 /* View */ = {
			isa = PBXGroup;
			children = (
				5A55D8742389660D00318A53 /* OutgoingBubbleTableViewCell.swift */,
				5A55D8752389660D00318A53 /* OutgoingBubbleTableViewCell.xib */,
			);
			path = View;
			sourceTree = "<group>";
		};
		5AA879202398685D001564F6 /* ViewModel */ = {
			isa = PBXGroup;
			children = (
				5AA8792123986877001564F6 /* OutgoingViewModel.swift */,
			);
			path = ViewModel;
			sourceTree = "<group>";
		};
		5AB5219824B21F1800DB662F /* CustomTextView */ = {
			isa = PBXGroup;
			children = (
				5A796D3E2399B2FB0094A2AD /* CustomTextView.swift */,
			);
			path = CustomTextView;
			sourceTree = "<group>";
		};
		5AB57EB2231C5E4F00A22A8C = {
			isa = PBXGroup;
			children = (
				5ACA4C2123FA70A600AE2979 /* Chatbot.entitlements */,
				5AB57EBD231C5E4F00A22A8C /* ChatNalog */,
				5AB57ED2231C5E5100A22A8C /* ChatNalogTests */,
				5AB57EBC231C5E4F00A22A8C /* Products */,
				5E311BF732BC800B1B5CDB15 /* Pods */,
				5A96CB6923AC0A8D00193CBE /* Recovered References */,
				A436950C450F3E90DD987204 /* Frameworks */,
			);
			sourceTree = "<group>";
		};
		5AB57EBC231C5E4F00A22A8C /* Products */ = {
			isa = PBXGroup;
			children = (
				5AB57EBB231C5E4F00A22A8C /* Asknpd.ru.app */,
			);
			name = Products;
			sourceTree = "<group>";
		};
		5AB57EBD231C5E4F00A22A8C /* ChatNalog */ = {
			isa = PBXGroup;
			children = (
				5AB57EE3231C602000A22A8C /* App */,
				5A73D54523F957C500AABB5F /* Config */,
				5AB57EDE231C5EE500A22A8C /* Style */,
				5A8F4359234A3F96007FB89F /* Storyboards */,
				5A8F4362234A4B26007FB89F /* UserSettings */,
				5A8F434D234A247F007FB89F /* Extensions */,
				5AB705E4234A7AB800C23C3C /* Services */,
				5A1C366123538ADC00DE587A /* CustomViews */,
				5A1C365E2353871300DE587A /* BaseViewModel */,
				5A8F432B234A1BED007FB89F /* UI */,
				5A8F432C234A1D53007FB89F /* Resources */,
			);
			path = ChatNalog;
			sourceTree = "<group>";
		};
		5AB57ED2231C5E5100A22A8C /* ChatNalogTests */ = {
			isa = PBXGroup;
			children = (
				5AB57ED3231C5E5100A22A8C /* ChatBotTests.swift */,
				5AB57ED5231C5E5100A22A8C /* Info.plist */,
			);
			path = ChatNalogTests;
			sourceTree = "<group>";
		};
		5AB57EDE231C5EE500A22A8C /* Style */ = {
			isa = PBXGroup;
			children = (
				5A8F4330234A21D3007FB89F /* Colors */,
				5A8F432F234A21BB007FB89F /* Fonts */,
			);
			path = Style;
			sourceTree = "<group>";
		};
		5AB57EE3231C602000A22A8C /* App */ = {
			isa = PBXGroup;
			children = (
				5AB57EBE231C5E4F00A22A8C /* AppDelegate.swift */,
				5A8F4357234A37EA007FB89F /* AppDelegateSettings.swift */,
			);
			path = App;
			sourceTree = "<group>";
		};
		5AB705E4234A7AB800C23C3C /* Services */ = {
			isa = PBXGroup;
			children = (
				5ADD7C7123E0C9E7009468FC /* FirebaseEvents */,
				5A249B4D2391D10F00044D94 /* Animations */,
				5A1C36512353208900DE587A /* API */,
				5A249B422391238C00044D94 /* Player */,
				5A51CEE123A97220000FABFC /* CoreData */,
			);
			path = Services;
			sourceTree = "<group>";
		};
		5AB705E5234A7AC200C23C3C /* APIClient */ = {
			isa = PBXGroup;
			children = (
				5A1C364B23531CB700DE587A /* APIClient.swift */,
				5A1C365A2353303F00DE587A /* APIRequest.swift */,
				5AB705E8234A7DCE00C23C3C /* AlamofireManager.swift */,
				5A1C364D23531D2000DE587A /* Base.swift */,
				5A1C365C2353339F00DE587A /* MultipartRequest.swift */,
				5A1C365823532C1300DE587A /* APIRequestErrorInformation.swift */,
				5A1C365623532A7D00DE587A /* PagingRequest.swift */,
			);
			path = APIClient;
			sourceTree = "<group>";
		};
		5AB7991323AE6BE700447A91 /* BubbleView */ = {
			isa = PBXGroup;
			children = (
				5AB7991423AE6C1300447A91 /* BubbleView.swift */,
			);
			path = BubbleView;
			sourceTree = "<group>";
		};
		5AB7991623AEE9CB00447A91 /* InputView */ = {
			isa = PBXGroup;
			children = (
				5AB7991723AEE9EC00447A91 /* InputView.xib */,
				5AB7991923AF65D000447A91 /* InputView.swift */,
			);
			path = InputView;
			sourceTree = "<group>";
		};
		5ADD7C7123E0C9E7009468FC /* FirebaseEvents */ = {
			isa = PBXGroup;
			children = (
				5ADD7C7423E0D5EF009468FC /* FirebaseEvent.swift */,
				5ADD7C7223E0CA0B009468FC /* FirebaseEventManager.swift */,
			);
			path = FirebaseEvents;
			sourceTree = "<group>";
		};
		5AF5BC8523ABD6300006CD13 /* DataBase */ = {
			isa = PBXGroup;
			children = (
				5A18068B23AC013800ED314E /* ChatMessages.xcdatamodeld */,
			);
			path = DataBase;
			sourceTree = "<group>";
		};
		5AF5BC8623ABD63D0006CD13 /* Objects */ = {
			isa = PBXGroup;
			children = (
				5A7EFFAF23ABAC86001D8B70 /* ManagedObjectConvertible.swift */,
				5A96CB6723AC0A3A00193CBE /* ManagedObjectProtocol.swift */,
				5A42C7A923AC36E40033911F /* CoreData+Messages.swift */,
			);
			path = Objects;
			sourceTree = "<group>";
		};
		5AF5BC8723ABD6BF0006CD13 /* Base */ = {
			isa = PBXGroup;
			children = (
				5A7EFF8523AA5A77001D8B70 /* CoreDataStack.swift */,
				5AF5BC8323ABD4F30006CD13 /* CoreDataManager.swift */,
			);
			path = Base;
			sourceTree = "<group>";
		};
		5E311BF732BC800B1B5CDB15 /* Pods */ = {
			isa = PBXGroup;
			children = (
				20A58A157A90EDD4E648BD45 /* Pods-ChatBot.debug.xcconfig */,
				CF2D0F89D352083D7C0D2526 /* Pods-ChatBot.release.xcconfig */,
				4DD30D1D0461754F11F70ED9 /* Pods-ChatBot-DEV.debug.xcconfig */,
				4DBCD71FACA33720C70BFC8E /* Pods-ChatBot-DEV.release.xcconfig */,
				02138731ECFED050DF7A5128 /* Pods-ChatBot.debug (production).xcconfig */,
				F49472392F3A1374A377D426 /* Pods-ChatBot.debug (development).xcconfig */,
				AB3879D991C7BE0828EE59D4 /* Pods-ChatBot.release (production).xcconfig */,
				DA30B4DB82E1DF5F1D201989 /* Pods-ChatBot.release (development).xcconfig */,
			);
			path = Pods;
			sourceTree = "<group>";
		};
		A436950C450F3E90DD987204 /* Frameworks */ = {
			isa = PBXGroup;
			children = (
				EBF1A66120B2DDB88D893F32 /* libPods-ChatBot.a */,
				E7006ADA909FB75D3074F0BF /* libPods-ChatBot-DEV.a */,
			);
			name = Frameworks;
			sourceTree = "<group>";
		};
/* End PBXGroup section */

/* Begin PBXNativeTarget section */
		5AB57EBA231C5E4F00A22A8C /* ChatBot */ = {
			isa = PBXNativeTarget;
			buildConfigurationList = 5AB57ED8231C5E5100A22A8C /* Build configuration list for PBXNativeTarget "ChatBot" */;
			buildPhases = (
				52C4AC0BEB0A8DDD6D8A0CDA /* [CP] Check Pods Manifest.lock */,
				5AB57EB7231C5E4F00A22A8C /* Sources */,
				5AB57EB8231C5E4F00A22A8C /* Frameworks */,
				5AB57EB9231C5E4F00A22A8C /* Resources */,
				5A249B4C2391C46B00044D94 /* Embed Frameworks */,
			);
			buildRules = (
			);
			dependencies = (
			);
			name = ChatBot;
			productName = VarakushCashier;
			productReference = 5AB57EBB231C5E4F00A22A8C /* Asknpd.ru.app */;
			productType = "com.apple.product-type.application";
		};
/* End PBXNativeTarget section */

/* Begin PBXProject section */
		5AB57EB3231C5E4F00A22A8C /* Project object */ = {
			isa = PBXProject;
			attributes = {
				LastSwiftUpdateCheck = 1030;
				LastUpgradeCheck = 1030;
				ORGANIZATIONNAME = kvantsoft;
				TargetAttributes = {
					5AB57EBA231C5E4F00A22A8C = {
						CreatedOnToolsVersion = 10.3;
					};
				};
			};
			buildConfigurationList = 5AB57EB6231C5E4F00A22A8C /* Build configuration list for PBXProject "ChatBot" */;
			compatibilityVersion = "Xcode 9.3";
			developmentRegion = en;
			hasScannedForEncodings = 0;
			knownRegions = (
				en,
				Base,
			);
			mainGroup = 5AB57EB2231C5E4F00A22A8C;
			productRefGroup = 5AB57EBC231C5E4F00A22A8C /* Products */;
			projectDirPath = "";
			projectRoot = "";
			targets = (
				5AB57EBA231C5E4F00A22A8C /* ChatBot */,
			);
		};
/* End PBXProject section */

/* Begin PBXResourcesBuildPhase section */
		5AB57EB9231C5E4F00A22A8C /* Resources */ = {
			isa = PBXResourcesBuildPhase;
			buildActionMask = 2147483647;
			files = (
				5A2E224E23AE2D0E00B9741F /* Roboto-Bold.ttf in Resources */,
				5A55D87B2389663700318A53 /* IncomingBubbleTableViewCell.xib in Resources */,
				5AE8B10D23CF4BBD00FB755B /* GoogleService-Info.plist in Resources */,
				5A2E225123AE2D0E00B9741F /* Roboto-Light.ttf in Resources */,
				5A2E224F23AE2D0E00B9741F /* Roboto-Regular.ttf in Resources */,
				5AB7991823AEE9EC00447A91 /* InputView.xib in Resources */,
				5AB57EC9231C5E5100A22A8C /* LaunchScreen.storyboard in Resources */,
				5AB57EC6231C5E5100A22A8C /* Assets.xcassets in Resources */,
				5AA29E012427CF40008FBFFA /* GoogleService-DEV-Info.plist in Resources */,
				5A2481B323B12259001CE278 /* ShareViewController.xib in Resources */,
				5AB57EC4231C5E4F00A22A8C /* Chat.storyboard in Resources */,
				5A2E225223AE2D0E00B9741F /* Roboto-Medium.ttf in Resources */,
				5A55D8772389660D00318A53 /* OutgoingBubbleTableViewCell.xib in Resources */,
				5A2E225023AE2D0E00B9741F /* Roboto-Thin.ttf in Resources */,
				5A2481AE23B119E0001CE278 /* Splash.storyboard in Resources */,
			);
			runOnlyForDeploymentPostprocessing = 0;
		};
/* End PBXResourcesBuildPhase section */

/* Begin PBXShellScriptBuildPhase section */
		52C4AC0BEB0A8DDD6D8A0CDA /* [CP] Check Pods Manifest.lock */ = {
			isa = PBXShellScriptBuildPhase;
			buildActionMask = 2147483647;
			files = (
			);
			inputFileListPaths = (
			);
			inputPaths = (
				"${PODS_PODFILE_DIR_PATH}/Podfile.lock",
				"${PODS_ROOT}/Manifest.lock",
			);
			name = "[CP] Check Pods Manifest.lock";
			outputFileListPaths = (
			);
			outputPaths = (
				"$(DERIVED_FILE_DIR)/Pods-ChatBot-checkManifestLockResult.txt",
			);
			runOnlyForDeploymentPostprocessing = 0;
			shellPath = /bin/sh;
			shellScript = "diff \"${PODS_PODFILE_DIR_PATH}/Podfile.lock\" \"${PODS_ROOT}/Manifest.lock\" > /dev/null\nif [ $? != 0 ] ; then\n    # print error to STDERR\n    echo \"error: The sandbox is not in sync with the Podfile.lock. Run 'pod install' or update your CocoaPods installation.\" >&2\n    exit 1\nfi\n# This output is used by Xcode 'outputs' to avoid re-running this script phase.\necho \"SUCCESS\" > \"${SCRIPT_OUTPUT_FILE_0}\"\n";
			showEnvVarsInLog = 0;
		};
/* End PBXShellScriptBuildPhase section */

/* Begin PBXSourcesBuildPhase section */
		5AB57EB7231C5E4F00A22A8C /* Sources */ = {
			isa = PBXSourcesBuildPhase;
			buildActionMask = 2147483647;
			files = (
				5A8F435D234A4958007FB89F /* UIDevice+ModelType.swift in Sources */,
				5A55D8762389660D00318A53 /* OutgoingBubbleTableViewCell.swift in Sources */,
				5A1C365B2353303F00DE587A /* APIRequest.swift in Sources */,
				5A24798623B0D07D00C1A5A2 /* SplashViewController.swift in Sources */,
				5AB705ED234A7E9D00C23C3C /* Bundle.swift in Sources */,
				5A249B4623912D8100044D94 /* AVConverter.swift in Sources */,
				5A18068D23AC013800ED314E /* ChatMessages.xcdatamodeld in Sources */,
				5AB7991523AE6C1300447A91 /* BubbleView.swift in Sources */,
				5A96D7962489705C005BBDB3 /* UITextView+Hyperlink.swift in Sources */,
				5A796D3F2399B2FB0094A2AD /* CustomTextView.swift in Sources */,
				5A796D3B239945590094A2AD /* IncomingModel.swift in Sources */,
				5AB7991A23AF65D000447A91 /* InputView.swift in Sources */,
				5A8F435B234A3FD1007FB89F /* Storyboards.swift in Sources */,
				5A2481B223B12259001CE278 /* ShareViewController.swift in Sources */,
				5A7EFF8623AA5A77001D8B70 /* CoreDataStack.swift in Sources */,
				5A27BAD6239FB3450073BC16 /* UITextField+Keyboard.swift in Sources */,
				5A7EFFB023ABAC86001D8B70 /* ManagedObjectConvertible.swift in Sources */,
				5A55D86D238957A300318A53 /* ChatModel.swift in Sources */,
				5A249B44239124B200044D94 /* VoiceManager.swift in Sources */,
				5A55D87123895BA900318A53 /* ChatViewModel.swift in Sources */,
				5A249B4F2391D12400044D94 /* AnimationsFactory.swift in Sources */,
				5AA8792223986877001564F6 /* OutgoingViewModel.swift in Sources */,
				5AB57EC1231C5E4F00A22A8C /* ChatViewController.swift in Sources */,
				5AF5BC8423ABD4F30006CD13 /* CoreDataManager.swift in Sources */,
				5A1C365D235333A000DE587A /* MultipartRequest.swift in Sources */,
				5A1C36602353872300DE587A /* BaseViewModel.swift in Sources */,
				5A3D0BEE238DB14100C60EB5 /* AnimatedButton.swift in Sources */,
				5A8F4366234A4DFA007FB89F /* KeychainManager.swift in Sources */,
				5A1C365923532C1300DE587A /* APIRequestErrorInformation.swift in Sources */,
				5A8F4361234A4B0A007FB89F /* Settings.swift in Sources */,
				5A1C365723532A7D00DE587A /* PagingRequest.swift in Sources */,
				5AA8792423986891001564F6 /* OutgoingModel.swift in Sources */,
				5A55D87A2389663700318A53 /* IncomingBubbleTableViewCell.swift in Sources */,
				5A96D79A24897A39005BBDB3 /* CaseItarable.swift in Sources */,
				5AC11AA123896F350082B34D /* UITableViewCell.swift in Sources */,
				5ADD7C7523E0D5EF009468FC /* FirebaseEvent.swift in Sources */,
				5A73D54923F958E600AABB5F /* Environment.swift in Sources */,
				5A3D0BF1238E838900C60EB5 /* SearchModel.swift in Sources */,
				5AB9FBA6238D53E300B4FE83 /* UICollectionViewCell.swift in Sources */,
				5A55D86A238956CF00318A53 /* ChatModule.swift in Sources */,
				5AB57EE0231C5EF400A22A8C /* Style.swift in Sources */,
				5A796D3D239945740094A2AD /* IncomingViewModel.swift in Sources */,
				5AB57EBF231C5E4F00A22A8C /* AppDelegate.swift in Sources */,
				5A1C366523538AFD00DE587A /* ActivityView.swift in Sources */,
				5A00896E238D491200F26C66 /* CustomInputTextView.swift in Sources */,
				5A8F4351234A24A9007FB89F /* UIImageView+Cashe.swift in Sources */,
				5AB705E3234A780500C23C3C /* UIView+LayoutAnchor.swift in Sources */,
				5ADD7C7323E0CA0B009468FC /* FirebaseEventManager.swift in Sources */,
				5A8F434F234A249C007FB89F /* UIViewController+Alert.swift in Sources */,
				5A96D7982489782E005BBDB3 /* HyperLinks.swift in Sources */,
				5A1C3655235320B600DE587A /* ChatService.swift in Sources */,
				5A1C365023531EB700DE587A /* RequestsFactory.swift in Sources */,
				5A96CB6823AC0A3A00193CBE /* ManagedObjectProtocol.swift in Sources */,
				5AB705EB234A7DF400C23C3C /* String+Base64.swift in Sources */,
				5A1C364E23531D2000DE587A /* Base.swift in Sources */,
				5A249B4823917A5500044D94 /* VoiceModel.swift in Sources */,
				5AB705E9234A7DCE00C23C3C /* AlamofireManager.swift in Sources */,
				5A8F4358234A37EA007FB89F /* AppDelegateSettings.swift in Sources */,
				5A1C364C23531CB700DE587A /* APIClient.swift in Sources */,
				5A42C7AA23AC36E40033911F /* CoreData+Messages.swift in Sources */,
			);
			runOnlyForDeploymentPostprocessing = 0;
		};
/* End PBXSourcesBuildPhase section */

/* Begin PBXVariantGroup section */
		5AB57EC2231C5E4F00A22A8C /* Chat.storyboard */ = {
			isa = PBXVariantGroup;
			children = (
				5AB57EC3231C5E4F00A22A8C /* Base */,
			);
			name = Chat.storyboard;
			sourceTree = "<group>";
		};
		5AB57EC7231C5E5100A22A8C /* LaunchScreen.storyboard */ = {
			isa = PBXVariantGroup;
			children = (
				5AB57EC8231C5E5100A22A8C /* Base */,
			);
			name = LaunchScreen.storyboard;
			sourceTree = "<group>";
		};
/* End PBXVariantGroup section */

/* Begin XCBuildConfiguration section */
		5A73D54123F955D600AABB5F /* Debug (Development) */ = {
			isa = XCBuildConfiguration;
			baseConfigurationReference = 5A73D54623F9580200AABB5F /* Development.xcconfig */;
			buildSettings = {
				ALWAYS_SEARCH_USER_PATHS = NO;
				CLANG_ANALYZER_NONNULL = YES;
				CLANG_ANALYZER_NUMBER_OBJECT_CONVERSION = YES_AGGRESSIVE;
				CLANG_CXX_LANGUAGE_STANDARD = "gnu++14";
				CLANG_CXX_LIBRARY = "libc++";
				CLANG_ENABLE_MODULES = YES;
				CLANG_ENABLE_OBJC_ARC = YES;
				CLANG_ENABLE_OBJC_WEAK = YES;
				CLANG_WARN_BLOCK_CAPTURE_AUTORELEASING = YES;
				CLANG_WARN_BOOL_CONVERSION = YES;
				CLANG_WARN_COMMA = YES;
				CLANG_WARN_CONSTANT_CONVERSION = YES;
				CLANG_WARN_DEPRECATED_OBJC_IMPLEMENTATIONS = YES;
				CLANG_WARN_DIRECT_OBJC_ISA_USAGE = YES_ERROR;
				CLANG_WARN_DOCUMENTATION_COMMENTS = YES;
				CLANG_WARN_EMPTY_BODY = YES;
				CLANG_WARN_ENUM_CONVERSION = YES;
				CLANG_WARN_INFINITE_RECURSION = YES;
				CLANG_WARN_INT_CONVERSION = YES;
				CLANG_WARN_NON_LITERAL_NULL_CONVERSION = YES;
				CLANG_WARN_OBJC_IMPLICIT_RETAIN_SELF = YES;
				CLANG_WARN_OBJC_LITERAL_CONVERSION = YES;
				CLANG_WARN_OBJC_ROOT_CLASS = YES_ERROR;
				CLANG_WARN_RANGE_LOOP_ANALYSIS = YES;
				CLANG_WARN_STRICT_PROTOTYPES = YES;
				CLANG_WARN_SUSPICIOUS_MOVE = YES;
				CLANG_WARN_UNGUARDED_AVAILABILITY = YES_AGGRESSIVE;
				CLANG_WARN_UNREACHABLE_CODE = YES;
				CLANG_WARN__DUPLICATE_METHOD_MATCH = YES;
				CODE_SIGN_IDENTITY = "iPhone Developer";
				COPY_PHASE_STRIP = NO;
				DEBUG_INFORMATION_FORMAT = dwarf;
				ENABLE_STRICT_OBJC_MSGSEND = YES;
				ENABLE_TESTABILITY = YES;
				GCC_C_LANGUAGE_STANDARD = gnu11;
				GCC_DYNAMIC_NO_PIC = NO;
				GCC_NO_COMMON_BLOCKS = YES;
				GCC_OPTIMIZATION_LEVEL = 0;
				GCC_PREPROCESSOR_DEFINITIONS = (
					"DEBUG=1",
					"$(inherited)",
				);
				GCC_WARN_64_TO_32_BIT_CONVERSION = YES;
				GCC_WARN_ABOUT_RETURN_TYPE = YES_ERROR;
				GCC_WARN_UNDECLARED_SELECTOR = YES;
				GCC_WARN_UNINITIALIZED_AUTOS = YES_AGGRESSIVE;
				GCC_WARN_UNUSED_FUNCTION = YES;
				GCC_WARN_UNUSED_VARIABLE = YES;
				IPHONEOS_DEPLOYMENT_TARGET = 11.0;
				MTL_ENABLE_DEBUG_INFO = INCLUDE_SOURCE;
				MTL_FAST_MATH = YES;
				ONLY_ACTIVE_ARCH = YES;
				SDKROOT = iphoneos;
				SWIFT_ACTIVE_COMPILATION_CONDITIONS = DEBUG;
				SWIFT_OPTIMIZATION_LEVEL = "-Onone";
			};
			name = "Debug (Development)";
		};
		5A73D54223F955D600AABB5F /* Debug (Development) */ = {
			isa = XCBuildConfiguration;
			baseConfigurationReference = F49472392F3A1374A377D426 /* Pods-ChatBot.debug (development).xcconfig */;
			buildSettings = {
				ASSETCATALOG_COMPILER_APPICON_NAME = AppIcon;
				CODE_SIGN_ENTITLEMENTS = Chatbot.entitlements;
				CODE_SIGN_IDENTITY = "Apple Development";
				CODE_SIGN_STYLE = Automatic;
				DEVELOPMENT_TEAM = HH534N843V;
				INFOPLIST_FILE = "$(SRCROOT)/ChatNalog/Resources/Info.plist";
				LD_RUNPATH_SEARCH_PATHS = (
					"$(inherited)",
					"@executable_path/Frameworks",
				);
				MARKETING_VERSION = 1.0.35;
				PRODUCT_BUNDLE_IDENTIFIER = ru.smz.ChatBot.dev;
				PRODUCT_NAME = Asknpd.ru;
				PROVISIONING_PROFILE_SPECIFIER = "";
				SWIFT_VERSION = 5.0;
				TARGETED_DEVICE_FAMILY = "1,2";
			};
			name = "Debug (Development)";
		};
		5A73D54323F9569A00AABB5F /* Release (Development) */ = {
			isa = XCBuildConfiguration;
			baseConfigurationReference = 5A73D54623F9580200AABB5F /* Development.xcconfig */;
			buildSettings = {
				ALWAYS_SEARCH_USER_PATHS = NO;
				CLANG_ANALYZER_NONNULL = YES;
				CLANG_ANALYZER_NUMBER_OBJECT_CONVERSION = YES_AGGRESSIVE;
				CLANG_CXX_LANGUAGE_STANDARD = "gnu++14";
				CLANG_CXX_LIBRARY = "libc++";
				CLANG_ENABLE_MODULES = YES;
				CLANG_ENABLE_OBJC_ARC = YES;
				CLANG_ENABLE_OBJC_WEAK = YES;
				CLANG_WARN_BLOCK_CAPTURE_AUTORELEASING = YES;
				CLANG_WARN_BOOL_CONVERSION = YES;
				CLANG_WARN_COMMA = YES;
				CLANG_WARN_CONSTANT_CONVERSION = YES;
				CLANG_WARN_DEPRECATED_OBJC_IMPLEMENTATIONS = YES;
				CLANG_WARN_DIRECT_OBJC_ISA_USAGE = YES_ERROR;
				CLANG_WARN_DOCUMENTATION_COMMENTS = YES;
				CLANG_WARN_EMPTY_BODY = YES;
				CLANG_WARN_ENUM_CONVERSION = YES;
				CLANG_WARN_INFINITE_RECURSION = YES;
				CLANG_WARN_INT_CONVERSION = YES;
				CLANG_WARN_NON_LITERAL_NULL_CONVERSION = YES;
				CLANG_WARN_OBJC_IMPLICIT_RETAIN_SELF = YES;
				CLANG_WARN_OBJC_LITERAL_CONVERSION = YES;
				CLANG_WARN_OBJC_ROOT_CLASS = YES_ERROR;
				CLANG_WARN_RANGE_LOOP_ANALYSIS = YES;
				CLANG_WARN_STRICT_PROTOTYPES = YES;
				CLANG_WARN_SUSPICIOUS_MOVE = YES;
				CLANG_WARN_UNGUARDED_AVAILABILITY = YES_AGGRESSIVE;
				CLANG_WARN_UNREACHABLE_CODE = YES;
				CLANG_WARN__DUPLICATE_METHOD_MATCH = YES;
				CODE_SIGN_IDENTITY = "iPhone Developer";
				COPY_PHASE_STRIP = NO;
				DEBUG_INFORMATION_FORMAT = "dwarf-with-dsym";
				ENABLE_NS_ASSERTIONS = NO;
				ENABLE_STRICT_OBJC_MSGSEND = YES;
				GCC_C_LANGUAGE_STANDARD = gnu11;
				GCC_NO_COMMON_BLOCKS = YES;
				GCC_WARN_64_TO_32_BIT_CONVERSION = YES;
				GCC_WARN_ABOUT_RETURN_TYPE = YES_ERROR;
				GCC_WARN_UNDECLARED_SELECTOR = YES;
				GCC_WARN_UNINITIALIZED_AUTOS = YES_AGGRESSIVE;
				GCC_WARN_UNUSED_FUNCTION = YES;
				GCC_WARN_UNUSED_VARIABLE = YES;
				IPHONEOS_DEPLOYMENT_TARGET = 11.0;
				MTL_ENABLE_DEBUG_INFO = NO;
				MTL_FAST_MATH = YES;
				SDKROOT = iphoneos;
				SWIFT_COMPILATION_MODE = wholemodule;
				SWIFT_OPTIMIZATION_LEVEL = "-O";
				VALIDATE_PRODUCT = YES;
			};
			name = "Release (Development)";
		};
		5A73D54423F9569A00AABB5F /* Release (Development) */ = {
			isa = XCBuildConfiguration;
			baseConfigurationReference = DA30B4DB82E1DF5F1D201989 /* Pods-ChatBot.release (development).xcconfig */;
			buildSettings = {
				ASSETCATALOG_COMPILER_APPICON_NAME = AppIcon;
				CODE_SIGN_ENTITLEMENTS = Chatbot.entitlements;
				CODE_SIGN_IDENTITY = "Apple Development";
				CODE_SIGN_STYLE = Automatic;
				DEVELOPMENT_TEAM = HH534N843V;
				INFOPLIST_FILE = "$(SRCROOT)/ChatNalog/Resources/Info.plist";
				LD_RUNPATH_SEARCH_PATHS = (
					"$(inherited)",
					"@executable_path/Frameworks",
				);
				MARKETING_VERSION = 1.0.35;
				PRODUCT_BUNDLE_IDENTIFIER = ru.smz.ChatBot.dev;
				PRODUCT_NAME = Asknpd.ru;
				PROVISIONING_PROFILE_SPECIFIER = "";
				SWIFT_VERSION = 5.0;
				TARGETED_DEVICE_FAMILY = "1,2";
			};
			name = "Release (Development)";
		};
		5AB57ED6231C5E5100A22A8C /* Debug (Production) */ = {
			isa = XCBuildConfiguration;
			baseConfigurationReference = 5A73D54723F958B100AABB5F /* Production.xcconfig */;
			buildSettings = {
				ALWAYS_SEARCH_USER_PATHS = NO;
				CLANG_ANALYZER_NONNULL = YES;
				CLANG_ANALYZER_NUMBER_OBJECT_CONVERSION = YES_AGGRESSIVE;
				CLANG_CXX_LANGUAGE_STANDARD = "gnu++14";
				CLANG_CXX_LIBRARY = "libc++";
				CLANG_ENABLE_MODULES = YES;
				CLANG_ENABLE_OBJC_ARC = YES;
				CLANG_ENABLE_OBJC_WEAK = YES;
				CLANG_WARN_BLOCK_CAPTURE_AUTORELEASING = YES;
				CLANG_WARN_BOOL_CONVERSION = YES;
				CLANG_WARN_COMMA = YES;
				CLANG_WARN_CONSTANT_CONVERSION = YES;
				CLANG_WARN_DEPRECATED_OBJC_IMPLEMENTATIONS = YES;
				CLANG_WARN_DIRECT_OBJC_ISA_USAGE = YES_ERROR;
				CLANG_WARN_DOCUMENTATION_COMMENTS = YES;
				CLANG_WARN_EMPTY_BODY = YES;
				CLANG_WARN_ENUM_CONVERSION = YES;
				CLANG_WARN_INFINITE_RECURSION = YES;
				CLANG_WARN_INT_CONVERSION = YES;
				CLANG_WARN_NON_LITERAL_NULL_CONVERSION = YES;
				CLANG_WARN_OBJC_IMPLICIT_RETAIN_SELF = YES;
				CLANG_WARN_OBJC_LITERAL_CONVERSION = YES;
				CLANG_WARN_OBJC_ROOT_CLASS = YES_ERROR;
				CLANG_WARN_RANGE_LOOP_ANALYSIS = YES;
				CLANG_WARN_STRICT_PROTOTYPES = YES;
				CLANG_WARN_SUSPICIOUS_MOVE = YES;
				CLANG_WARN_UNGUARDED_AVAILABILITY = YES_AGGRESSIVE;
				CLANG_WARN_UNREACHABLE_CODE = YES;
				CLANG_WARN__DUPLICATE_METHOD_MATCH = YES;
				CODE_SIGN_IDENTITY = "iPhone Developer";
				COPY_PHASE_STRIP = NO;
				DEBUG_INFORMATION_FORMAT = dwarf;
				ENABLE_STRICT_OBJC_MSGSEND = YES;
				ENABLE_TESTABILITY = YES;
				GCC_C_LANGUAGE_STANDARD = gnu11;
				GCC_DYNAMIC_NO_PIC = NO;
				GCC_NO_COMMON_BLOCKS = YES;
				GCC_OPTIMIZATION_LEVEL = 0;
				GCC_PREPROCESSOR_DEFINITIONS = (
					"DEBUG=1",
					"$(inherited)",
				);
				GCC_WARN_64_TO_32_BIT_CONVERSION = YES;
				GCC_WARN_ABOUT_RETURN_TYPE = YES_ERROR;
				GCC_WARN_UNDECLARED_SELECTOR = YES;
				GCC_WARN_UNINITIALIZED_AUTOS = YES_AGGRESSIVE;
				GCC_WARN_UNUSED_FUNCTION = YES;
				GCC_WARN_UNUSED_VARIABLE = YES;
				IPHONEOS_DEPLOYMENT_TARGET = 11.0;
				MTL_ENABLE_DEBUG_INFO = INCLUDE_SOURCE;
				MTL_FAST_MATH = YES;
				ONLY_ACTIVE_ARCH = YES;
				SDKROOT = iphoneos;
				SWIFT_ACTIVE_COMPILATION_CONDITIONS = DEBUG;
				SWIFT_OPTIMIZATION_LEVEL = "-Onone";
			};
			name = "Debug (Production)";
		};
		5AB57ED7231C5E5100A22A8C /* Release (Production) */ = {
			isa = XCBuildConfiguration;
			baseConfigurationReference = 5A73D54723F958B100AABB5F /* Production.xcconfig */;
			buildSettings = {
				ALWAYS_SEARCH_USER_PATHS = NO;
				CLANG_ANALYZER_NONNULL = YES;
				CLANG_ANALYZER_NUMBER_OBJECT_CONVERSION = YES_AGGRESSIVE;
				CLANG_CXX_LANGUAGE_STANDARD = "gnu++14";
				CLANG_CXX_LIBRARY = "libc++";
				CLANG_ENABLE_MODULES = YES;
				CLANG_ENABLE_OBJC_ARC = YES;
				CLANG_ENABLE_OBJC_WEAK = YES;
				CLANG_WARN_BLOCK_CAPTURE_AUTORELEASING = YES;
				CLANG_WARN_BOOL_CONVERSION = YES;
				CLANG_WARN_COMMA = YES;
				CLANG_WARN_CONSTANT_CONVERSION = YES;
				CLANG_WARN_DEPRECATED_OBJC_IMPLEMENTATIONS = YES;
				CLANG_WARN_DIRECT_OBJC_ISA_USAGE = YES_ERROR;
				CLANG_WARN_DOCUMENTATION_COMMENTS = YES;
				CLANG_WARN_EMPTY_BODY = YES;
				CLANG_WARN_ENUM_CONVERSION = YES;
				CLANG_WARN_INFINITE_RECURSION = YES;
				CLANG_WARN_INT_CONVERSION = YES;
				CLANG_WARN_NON_LITERAL_NULL_CONVERSION = YES;
				CLANG_WARN_OBJC_IMPLICIT_RETAIN_SELF = YES;
				CLANG_WARN_OBJC_LITERAL_CONVERSION = YES;
				CLANG_WARN_OBJC_ROOT_CLASS = YES_ERROR;
				CLANG_WARN_RANGE_LOOP_ANALYSIS = YES;
				CLANG_WARN_STRICT_PROTOTYPES = YES;
				CLANG_WARN_SUSPICIOUS_MOVE = YES;
				CLANG_WARN_UNGUARDED_AVAILABILITY = YES_AGGRESSIVE;
				CLANG_WARN_UNREACHABLE_CODE = YES;
				CLANG_WARN__DUPLICATE_METHOD_MATCH = YES;
				CODE_SIGN_IDENTITY = "iPhone Developer";
				COPY_PHASE_STRIP = NO;
				DEBUG_INFORMATION_FORMAT = "dwarf-with-dsym";
				ENABLE_NS_ASSERTIONS = NO;
				ENABLE_STRICT_OBJC_MSGSEND = YES;
				GCC_C_LANGUAGE_STANDARD = gnu11;
				GCC_NO_COMMON_BLOCKS = YES;
				GCC_WARN_64_TO_32_BIT_CONVERSION = YES;
				GCC_WARN_ABOUT_RETURN_TYPE = YES_ERROR;
				GCC_WARN_UNDECLARED_SELECTOR = YES;
				GCC_WARN_UNINITIALIZED_AUTOS = YES_AGGRESSIVE;
				GCC_WARN_UNUSED_FUNCTION = YES;
				GCC_WARN_UNUSED_VARIABLE = YES;
				IPHONEOS_DEPLOYMENT_TARGET = 11.0;
				MTL_ENABLE_DEBUG_INFO = NO;
				MTL_FAST_MATH = YES;
				SDKROOT = iphoneos;
				SWIFT_COMPILATION_MODE = wholemodule;
				SWIFT_OPTIMIZATION_LEVEL = "-O";
				VALIDATE_PRODUCT = YES;
			};
			name = "Release (Production)";
		};
		5AB57ED9231C5E5100A22A8C /* Debug (Production) */ = {
			isa = XCBuildConfiguration;
			baseConfigurationReference = 02138731ECFED050DF7A5128 /* Pods-ChatBot.debug (production).xcconfig */;
			buildSettings = {
				ASSETCATALOG_COMPILER_APPICON_NAME = AppIcon;
				CODE_SIGN_ENTITLEMENTS = Chatbot.entitlements;
				CODE_SIGN_IDENTITY = "Apple Development";
				CODE_SIGN_STYLE = Automatic;
				DEVELOPMENT_TEAM = HH534N843V;
				INFOPLIST_FILE = "$(SRCROOT)/ChatNalog/Resources/Info.plist";
				LD_RUNPATH_SEARCH_PATHS = (
					"$(inherited)",
					"@executable_path/Frameworks",
				);
				MARKETING_VERSION = 1.0.35;
				PRODUCT_BUNDLE_IDENTIFIER = ru.smz.ChatBot;
				PRODUCT_NAME = Asknpd.ru;
				PROVISIONING_PROFILE_SPECIFIER = "";
				SWIFT_VERSION = 5.0;
				TARGETED_DEVICE_FAMILY = "1,2";
			};
			name = "Debug (Production)";
		};
		5AB57EDA231C5E5100A22A8C /* Release (Production) */ = {
			isa = XCBuildConfiguration;
			baseConfigurationReference = AB3879D991C7BE0828EE59D4 /* Pods-ChatBot.release (production).xcconfig */;
			buildSettings = {
				ASSETCATALOG_COMPILER_APPICON_NAME = AppIcon;
				CODE_SIGN_ENTITLEMENTS = Chatbot.entitlements;
				CODE_SIGN_IDENTITY = "Apple Development";
				CODE_SIGN_STYLE = Automatic;
				DEVELOPMENT_TEAM = HH534N843V;
				INFOPLIST_FILE = "$(SRCROOT)/ChatNalog/Resources/Info.plist";
				LD_RUNPATH_SEARCH_PATHS = (
					"$(inherited)",
					"@executable_path/Frameworks",
				);
				MARKETING_VERSION = 1.0.35;
				PRODUCT_BUNDLE_IDENTIFIER = ru.smz.ChatBot;
				PRODUCT_NAME = Asknpd.ru;
				PROVISIONING_PROFILE_SPECIFIER = "";
				SWIFT_VERSION = 5.0;
				TARGETED_DEVICE_FAMILY = "1,2";
			};
			name = "Release (Production)";
		};
/* End XCBuildConfiguration section */

/* Begin XCConfigurationList section */
		5AB57EB6231C5E4F00A22A8C /* Build configuration list for PBXProject "ChatBot" */ = {
			isa = XCConfigurationList;
			buildConfigurations = (
				5AB57ED6231C5E5100A22A8C /* Debug (Production) */,
				5A73D54123F955D600AABB5F /* Debug (Development) */,
				5AB57ED7231C5E5100A22A8C /* Release (Production) */,
				5A73D54323F9569A00AABB5F /* Release (Development) */,
			);
			defaultConfigurationIsVisible = 0;
			defaultConfigurationName = "Release (Production)";
		};
		5AB57ED8231C5E5100A22A8C /* Build configuration list for PBXNativeTarget "ChatBot" */ = {
			isa = XCConfigurationList;
			buildConfigurations = (
				5AB57ED9231C5E5100A22A8C /* Debug (Production) */,
				5A73D54223F955D600AABB5F /* Debug (Development) */,
				5AB57EDA231C5E5100A22A8C /* Release (Production) */,
				5A73D54423F9569A00AABB5F /* Release (Development) */,
			);
			defaultConfigurationIsVisible = 0;
			defaultConfigurationName = "Release (Production)";
		};
/* End XCConfigurationList section */

/* Begin XCVersionGroup section */
		5A18068B23AC013800ED314E /* ChatMessages.xcdatamodeld */ = {
			isa = XCVersionGroup;
			children = (
				5A18068C23AC013800ED314E /* ChatMessages.xcdatamodel */,
			);
			currentVersion = 5A18068C23AC013800ED314E /* ChatMessages.xcdatamodel */;
			path = ChatMessages.xcdatamodeld;
			sourceTree = "<group>";
			versionGroupType = wrapper.xcdatamodel;
		};
/* End XCVersionGroup section */
	};
	rootObject = 5AB57EB3231C5E4F00A22A8C /* Project object */;
}
